
Microsoft Visual Studio Solution File, Format Version 12.00
# Visual Studio Version 17
VisualStudioVersion = 17.6.33829.357
MinimumVisualStudioVersion = 10.0.40219.1
Project("{FAE04EC0-301F-11D3-BF4B-00C04F79EFBC}") = "thash64", "thash64\thash64.csproj", "{EFA8F469-486F-459F-BD91-67E50322076B}"
EndProject
Global
	GlobalSection(SolutionConfigurationPlatforms) = preSolution
		Debug|Any CPU = Debug|Any CPU
		Release|Any CPU = Release|Any CPU
	EndGlobalSection
	GlobalSection(ProjectConfigurationPlatforms) = postSolution
		{EFA8F469-486F-459F-BD91-67E50322076B}.Debug|Any CPU.ActiveCfg = Debug|Any CPU
		{EFA8F469-486F-459F-BD91-67E50322076B}.Debug|Any CPU.Build.0 = Debug|Any CPU
		{EFA8F469-486F-459F-BD91-67E50322076B}.Release|Any CPU.ActiveCfg = Release|Any CPU
		{EFA8F469-486F-459F-BD91-67E50322076B}.Release|Any CPU.Build.0 = Release|Any CPU
	EndGlobalSection
	GlobalSection(SolutionProperties) = preSolution
		HideSolutionNode = FALSE
	EndGlobalSection
	GlobalSection(ExtensibilityGlobals) = postSolution
		SolutionGuid = {4B813A9A-FB6F-46DB-A78A-561CB9A4BCF4}
	EndGlobalSection
EndGlobal
